
Microsoft Visual Studio Solution File, Format Version 12.00
# Visual Studio Version 16
VisualStudioVersion = 16.0.30711.63
MinimumVisualStudioVersion = 10.0.40219.1
Project("{FAE04EC0-301F-11D3-BF4B-00C04F79EFBC}") = "Rx.Demo", "Rx.Demo.csproj", "{4951A9A4-FE69-4FBF-A4B0-53BE7C60D71B}"
EndProject
Global
	GlobalSection(SolutionConfigurationPlatforms) = preSolution
		Debug|Any CPU = Debug|Any CPU
		Release|Any CPU = Release|Any CPU
	EndGlobalSection
	GlobalSection(ProjectConfigurationPlatforms) = postSolution
		{4951A9A4-FE69-4FBF-A4B0-53BE7C60D71B}.Debug|Any CPU.ActiveCfg = Debug|Any CPU
		{4951A9A4-FE69-4FBF-A4B0-53BE7C60D71B}.Debug|Any CPU.Build.0 = Debug|Any CPU
		{4951A9A4-FE69-4FBF-A4B0-53BE7C60D71B}.Release|Any CPU.ActiveCfg = Release|Any CPU
		{4951A9A4-FE69-4FBF-A4B0-53BE7C60D71B}.Release|Any CPU.Build.0 = Release|Any CPU
	EndGlobalSection
	GlobalSection(SolutionProperties) = preSolution
		HideSolutionNode = FALSE
	EndGlobalSection
	GlobalSection(ExtensibilityGlobals) = postSolution
		SolutionGuid = {077604F4-C9D6-4E90-BB71-3AE1FB031AF0}
	EndGlobalSection
EndGlobal
